github.com/go-telegram/bot v1.7.2 h1:Ml50/XleEvk2h568brw66+gH6cDVh1hIIiDFUUwCvxo=
github.com/go-telegram/bot v1.7.2/go.mod h1:i2TRs7fXWIeaceF3z7KzsMt/he0TwkVC680mvdTFYeM=
github.com/peterhellberg/ruuvitag v0.1.0 h1:wAPf68X3fsB0xm7pJJgE5TaXzY9DhHKg0zI9t5eav9c=
github.com/peterhellberg/ruuvitag v0.1.0/go.mod h1:fY7K8e1sq2DQKFBpa6cQ6E9IwhJFwDQevoALJP9RCCw=
